<?xml version="1.0" encoding="utf-8"?>
<Project ToolsVersion="4.0" xmlns="http://schemas.microsoft.com/developer/msbuild/2003">
  <ItemGroup>
    <Filter Include="소스 파일">
      <UniqueIdentifier>{4FC737F1-C7A5-4376-A066-2A32D752A2FF}</UniqueIdentifier>
      <Extensions>cpp;c;cc;cxx;c++;cppm;ixx;def;odl;idl;hpj;bat;asm;asmx</Extensions>
    </Filter>
    <Filter Include="헤더 파일">
      <UniqueIdentifier>{93995380-89BD-4b04-88EB-625FBE52EBFB}</UniqueIdentifier>
      <Extensions>h;hh;hpp;hxx;h++;hm;inl;inc;ipp;xsd</Extensions>
    </Filter>
    <Filter Include="리소스 파일">
      <UniqueIdentifier>{67DA6AB6-F800-4c08-8B7A-83BB121AAD01}</UniqueIdentifier>
      <Extensions>rc;ico;cur;bmp;dlg;rc2;rct;bin;rgs;gif;jpg;jpeg;jpe;resx;tiff;tif;png;wav;mfcribbon-ms</Extensions>
    </Filter>
  </ItemGroup>
  <ItemGroup>
    <ClCompile Include="main.cpp">
      <Filter>소스 파일</Filter>
    </ClCompile>
    <ClCompile Include="IMAGE.cpp">
      <Filter>소스 파일</Filter>
    </ClCompile>
    <ClCompile Include="Kaphwan_standing.cpp">
      <Filter>소스 파일</Filter>
    </ClCompile>
    <ClCompile Include="Kaphwan_frontmove.cpp">
      <Filter>소스 파일</Filter>
    </ClCompile>
    <ClCompile Include="Kaphwan.cpp">
      <Filter>소스 파일</Filter>
    </ClCompile>
    <ClCompile Include="Kaphwan_backmove.cpp">
      <Filter>소스 파일</Filter>
    </ClCompile>
    <ClCompile Include="Kaphwan_jump.cpp">
      <Filter>소스 파일</Filter>
    </ClCompile>
    <ClCompile Include="Kaphwan_sitting.cpp">
      <Filter>소스 파일</Filter>
    </ClCompile>
    <ClCompile Include="Kaphwan_standingguard.cpp">
      <Filter>소스 파일</Filter>
    </ClCompile>
    <ClCompile Include="Kaphwan_sittingguard.cpp">
      <Filter>소스 파일</Filter>
    </ClCompile>
    <ClCompile Include="Kaphwan_weakpunch.cpp">
      <Filter>소스 파일</Filter>
    </ClCompile>
    <ClCompile Include="Kaphwan_strongpunch.cpp">
      <Filter>소스 파일</Filter>
    </ClCompile>
    <ClCompile Include="Kaphwan_weakkick.cpp">
      <Filter>소스 파일</Filter>
    </ClCompile>
    <ClCompile Include="Kaphwan_strongkick.cpp">
      <Filter>소스 파일</Filter>
    </ClCompile>
    <ClCompile Include="Kaphwan_standinghit.cpp">
      <Filter>소스 파일</Filter>
    </ClCompile>
    <ClCompile Include="Kaphwan_sittinghit.cpp">
      <Filter>소스 파일</Filter>
    </ClCompile>
    <ClCompile Include="Kaphwan_jumphit.cpp">
      <Filter>소스 파일</Filter>
    </ClCompile>
    <ClCompile Include="Kaphwan_sittingpunch.cpp">
      <Filter>소스 파일</Filter>
    </ClCompile>
    <ClCompile Include="Kaphwan_sittingkick.cpp">
      <Filter>소스 파일</Filter>
    </ClCompile>
    <ClCompile Include="Kaphwan_jumppunch.cpp">
      <Filter>소스 파일</Filter>
    </ClCompile>
    <ClCompile Include="Kaphwan_jumpkick.cpp">
      <Filter>소스 파일</Filter>
    </ClCompile>
    <ClCompile Include="Chin_standing.cpp">
      <Filter>소스 파일</Filter>
    </ClCompile>
    <ClCompile Include="Chin.cpp">
      <Filter>소스 파일</Filter>
    </ClCompile>
    <ClCompile Include="Chin_backmove.cpp">
      <Filter>소스 파일</Filter>
    </ClCompile>
    <ClCompile Include="Chin_bigkick.cpp">
      <Filter>소스 파일</Filter>
    </ClCompile>
    <ClCompile Include="Chin_bigpunch.cpp">
      <Filter>소스 파일</Filter>
    </ClCompile>
    <ClCompile Include="Chin_downsmallkick.cpp">
      <Filter>소스 파일</Filter>
    </ClCompile>
    <ClCompile Include="Chin_downsmalllpunch.cpp">
      <Filter>소스 파일</Filter>
    </ClCompile>
    <ClCompile Include="Chin_frontmove.cpp">
      <Filter>소스 파일</Filter>
    </ClCompile>
    <ClCompile Include="Chin_jump.cpp">
      <Filter>소스 파일</Filter>
    </ClCompile>
    <ClCompile Include="Chin_jumpsmallkick.cpp">
      <Filter>소스 파일</Filter>
    </ClCompile>
    <ClCompile Include="Chin_jumpsmallpunch.cpp">
      <Filter>소스 파일</Filter>
    </ClCompile>
    <ClCompile Include="Chin_sitdown.cpp">
      <Filter>소스 파일</Filter>
    </ClCompile>
    <ClCompile Include="Chin_smallkick.cpp">
      <Filter>소스 파일</Filter>
    </ClCompile>
    <ClCompile Include="Chin_smallpunch.cpp">
      <Filter>소스 파일</Filter>
    </ClCompile>
    <ClCompile Include="Chin_standinghit.cpp">
      <Filter>소스 파일</Filter>
    </ClCompile>
    <ClCompile Include="Chin_jumphit.cpp">
      <Filter>소스 파일</Filter>
    </ClCompile>
    <ClCompile Include="Chin_sittingguard.cpp">
      <Filter>소스 파일</Filter>
    </ClCompile>
    <ClCompile Include="Chin_sittinghit.cpp">
      <Filter>소스 파일</Filter>
    </ClCompile>
    <ClCompile Include="Chin_standingguard.cpp">
      <Filter>소스 파일</Filter>
    </ClCompile>
    <ClCompile Include="Effect_hit.cpp">
      <Filter>소스 파일</Filter>
    </ClCompile>
    <ClCompile Include="Effect.cpp">
      <Filter>소스 파일</Filter>
    </ClCompile>
    <ClCompile Include="Effect_guard.cpp">
      <Filter>소스 파일</Filter>
    </ClCompile>
    <ClCompile Include="UI.cpp">
      <Filter>소스 파일</Filter>
    </ClCompile>
  </ItemGroup>
  <ItemGroup>
    <ClInclude Include="IMAGE.h">
      <Filter>헤더 파일</Filter>
    </ClInclude>
    <ClInclude Include="Kaphwan_standing.h">
      <Filter>헤더 파일</Filter>
    </ClInclude>
    <ClInclude Include="Kaphwan_frontmove.h">
      <Filter>헤더 파일</Filter>
    </ClInclude>
    <ClInclude Include="Kaphwan.h">
      <Filter>헤더 파일</Filter>
    </ClInclude>
    <ClInclude Include="Kaphwan_backmove.h">
      <Filter>헤더 파일</Filter>
    </ClInclude>
    <ClInclude Include="Kaphwan_jump.h">
      <Filter>헤더 파일</Filter>
    </ClInclude>
    <ClInclude Include="Kaphwan_sitting.h">
      <Filter>헤더 파일</Filter>
    </ClInclude>
    <ClInclude Include="Kaphwan_standingguard.h">
      <Filter>헤더 파일</Filter>
    </ClInclude>
    <ClInclude Include="Kaphwan_sittingguard.h">
      <Filter>헤더 파일</Filter>
    </ClInclude>
    <ClInclude Include="Kaphwan_weakpunch.h">
      <Filter>헤더 파일</Filter>
    </ClInclude>
    <ClInclude Include="Kaphwan_strongpunch.h">
      <Filter>헤더 파일</Filter>
    </ClInclude>
    <ClInclude Include="Kaphwan_weakkick.h">
      <Filter>헤더 파일</Filter>
    </ClInclude>
    <ClInclude Include="Kaphwan_strongkick.h">
      <Filter>헤더 파일</Filter>
    </ClInclude>
    <ClInclude Include="Kaphwan_standinghit.h">
      <Filter>헤더 파일</Filter>
    </ClInclude>
    <ClInclude Include="Kaphwan_sittinghit.h">
      <Filter>헤더 파일</Filter>
    </ClInclude>
    <ClInclude Include="Kaphwan_jumphit.h">
      <Filter>헤더 파일</Filter>
    </ClInclude>
    <ClInclude Include="Kaphwan_sittingpunch.h">
      <Filter>헤더 파일</Filter>
    </ClInclude>
    <ClInclude Include="Kaphwan_sittingkick.h">
      <Filter>헤더 파일</Filter>
    </ClInclude>
    <ClInclude Include="Kaphwan_jumppunch.h">
      <Filter>헤더 파일</Filter>
    </ClInclude>
    <ClInclude Include="Kaphwan_jumpkick.h">
      <Filter>헤더 파일</Filter>
    </ClInclude>
    <ClInclude Include="Chin.h">
      <Filter>헤더 파일</Filter>
    </ClInclude>
    <ClInclude Include="Chin_backmove.h">
      <Filter>헤더 파일</Filter>
    </ClInclude>
    <ClInclude Include="Chin_bigkick.h">
      <Filter>헤더 파일</Filter>
    </ClInclude>
    <ClInclude Include="Chin_bigpunch.h">
      <Filter>헤더 파일</Filter>
    </ClInclude>
    <ClInclude Include="Chin_downsmallkick.h">
      <Filter>헤더 파일</Filter>
    </ClInclude>
    <ClInclude Include="Chin_downsmallpunch.h">
      <Filter>헤더 파일</Filter>
    </ClInclude>
    <ClInclude Include="Chin_frontmove.h">
      <Filter>헤더 파일</Filter>
    </ClInclude>
    <ClInclude Include="Chin_jump.h">
      <Filter>헤더 파일</Filter>
    </ClInclude>
    <ClInclude Include="Chin_jumpsmallkick.h">
      <Filter>헤더 파일</Filter>
    </ClInclude>
    <ClInclude Include="Chin_jumpsmallpunch.h">
      <Filter>헤더 파일</Filter>
    </ClInclude>
    <ClInclude Include="Chin_sitdown.h">
      <Filter>헤더 파일</Filter>
    </ClInclude>
    <ClInclude Include="Chin_smallkick.h">
      <Filter>헤더 파일</Filter>
    </ClInclude>
    <ClInclude Include="Chin_smallpunch.h">
      <Filter>헤더 파일</Filter>
    </ClInclude>
    <ClInclude Include="Chin_standing.h">
      <Filter>헤더 파일</Filter>
    </ClInclude>
    <ClInclude Include="Chin_standinghit.h">
      <Filter>헤더 파일</Filter>
    </ClInclude>
    <ClInclude Include="Chin_jumphit.h">
      <Filter>헤더 파일</Filter>
    </ClInclude>
    <ClInclude Include="Chin_sittingguard.h">
      <Filter>헤더 파일</Filter>
    </ClInclude>
    <ClInclude Include="Chin_sittinghit.h">
      <Filter>헤더 파일</Filter>
    </ClInclude>
    <ClInclude Include="Effect_hit.h">
      <Filter>헤더 파일</Filter>
    </ClInclude>
    <ClInclude Include="Effect.h">
      <Filter>헤더 파일</Filter>
    </ClInclude>
    <ClInclude Include="Effect_guard.h">
      <Filter>헤더 파일</Filter>
    </ClInclude>
    <ClInclude Include="UI.h">
      <Filter>헤더 파일</Filter>
    </ClInclude>
  </ItemGroup>
</Project>